
Microsoft Visual Studio Solution File, Format Version 12.00
# Visual Studio 15
VisualStudioVersion = 15.0.28307.572
MinimumVisualStudioVersion = 10.0.40219.1
Project("{2150E333-8FDC-42A3-9474-1A3956D46DE8}") = "TeamworkNet", "TeamworkNet", "{A1C7C511-B0D4-4624-B567-8E9BE05426C6}"
EndProject
Project("{9A19103F-16F7-4668-BE54-9A1E7A4F7556}") = "Personal.Site", "Personal.Site\Personal.Site.csproj", "{2674084A-532B-4EBC-97E0-D566B6B95F3E}"
	ProjectSection(ProjectDependencies) = postProject
		{09347E17-E3DC-47B9-9AD7-ED13BBBB4147} = {09347E17-E3DC-47B9-9AD7-ED13BBBB4147}
	EndProjectSection
EndProject
Project("{9A19103F-16F7-4668-BE54-9A1E7A4F7556}") = "TeamworkNet.Base", "TeamworkNet.Base\TeamworkNet.Base.csproj", "{09347E17-E3DC-47B9-9AD7-ED13BBBB4147}"
EndProject
Project("{9A19103F-16F7-4668-BE54-9A1E7A4F7556}") = "Personal.Services", "Personal.Services\Personal.Services.csproj", "{4DB6A6AE-70D5-4968-A1E4-31B5879CD71B}"
EndProject
Project("{9A19103F-16F7-4668-BE54-9A1E7A4F7556}") = "Personal.Models", "Personal.Models\Personal.Models.csproj", "{246DF0B0-05DA-4E33-9739-03E476881C1D}"
EndProject
Global
	GlobalSection(SolutionConfigurationPlatforms) = preSolution
		Debug|Any CPU = Debug|Any CPU
		Release|Any CPU = Release|Any CPU
	EndGlobalSection
	GlobalSection(ProjectConfigurationPlatforms) = postSolution
		{2674084A-532B-4EBC-97E0-D566B6B95F3E}.Debug|Any CPU.ActiveCfg = Debug|Any CPU
		{2674084A-532B-4EBC-97E0-D566B6B95F3E}.Debug|Any CPU.Build.0 = Debug|Any CPU
		{2674084A-532B-4EBC-97E0-D566B6B95F3E}.Release|Any CPU.ActiveCfg = Release|Any CPU
		{2674084A-532B-4EBC-97E0-D566B6B95F3E}.Release|Any CPU.Build.0 = Release|Any CPU
		{09347E17-E3DC-47B9-9AD7-ED13BBBB4147}.Debug|Any CPU.ActiveCfg = Debug|Any CPU
		{09347E17-E3DC-47B9-9AD7-ED13BBBB4147}.Debug|Any CPU.Build.0 = Debug|Any CPU
		{09347E17-E3DC-47B9-9AD7-ED13BBBB4147}.Release|Any CPU.ActiveCfg = Release|Any CPU
		{09347E17-E3DC-47B9-9AD7-ED13BBBB4147}.Release|Any CPU.Build.0 = Release|Any CPU
		{4DB6A6AE-70D5-4968-A1E4-31B5879CD71B}.Debug|Any CPU.ActiveCfg = Debug|Any CPU
		{4DB6A6AE-70D5-4968-A1E4-31B5879CD71B}.Debug|Any CPU.Build.0 = Debug|Any CPU
		{4DB6A6AE-70D5-4968-A1E4-31B5879CD71B}.Release|Any CPU.ActiveCfg = Release|Any CPU
		{4DB6A6AE-70D5-4968-A1E4-31B5879CD71B}.Release|Any CPU.Build.0 = Release|Any CPU
		{246DF0B0-05DA-4E33-9739-03E476881C1D}.Debug|Any CPU.ActiveCfg = Debug|Any CPU
		{246DF0B0-05DA-4E33-9739-03E476881C1D}.Debug|Any CPU.Build.0 = Debug|Any CPU
		{246DF0B0-05DA-4E33-9739-03E476881C1D}.Release|Any CPU.ActiveCfg = Release|Any CPU
		{246DF0B0-05DA-4E33-9739-03E476881C1D}.Release|Any CPU.Build.0 = Release|Any CPU
	EndGlobalSection
	GlobalSection(SolutionProperties) = preSolution
		HideSolutionNode = FALSE
	EndGlobalSection
	GlobalSection(NestedProjects) = preSolution
		{09347E17-E3DC-47B9-9AD7-ED13BBBB4147} = {A1C7C511-B0D4-4624-B567-8E9BE05426C6}
	EndGlobalSection
	GlobalSection(ExtensibilityGlobals) = postSolution
		SolutionGuid = {CF17698A-53F4-45E7-A9A9-2CEA6E66CF41}
	EndGlobalSection
EndGlobal
